// !$*UTF8*$!
{
	archiveVersion = 1;
	classes = {
	};
	objectVersion = 48;
	objects = {

/* Begin PBXBuildFile section */
		BF2AEA0C1F41C22C000CFB5D /* AppDelegate.swift in Sources */ = {isa = PBXBuildFile; fileRef = BF2AEA0B1F41C22C000CFB5D /* AppDelegate.swift */; };
		BF2AEA0E1F41C22C000CFB5D /* MainVC.swift in Sources */ = {isa = PBXBuildFile; fileRef = BF2AEA0D1F41C22C000CFB5D /* MainVC.swift */; };
		BF2AEA111F41C22D000CFB5D /* Main.storyboard in Resources */ = {isa = PBXBuildFile; fileRef = BF2AEA0F1F41C22D000CFB5D /* Main.storyboard */; };
		BF2AEA131F41C22D000CFB5D /* Assets.xcassets in Resources */ = {isa = PBXBuildFile; fileRef = BF2AEA121F41C22D000CFB5D /* Assets.xcassets */; };
		BF2AEA161F41C22D000CFB5D /* LaunchScreen.storyboard in Resources */ = {isa = PBXBuildFile; fileRef = BF2AEA141F41C22D000CFB5D /* LaunchScreen.storyboard */; };
		BF2AEA201F41C31F000CFB5D /* CurrencyTextField.swift in Sources */ = {isa = PBXBuildFile; fileRef = BF2AEA1F1F41C31F000CFB5D /* CurrencyTextField.swift */; };
		BFC8B3781F420037007976CE /* Window_Shopper_Tests.swift in Sources */ = {isa = PBXBuildFile; fileRef = BFC8B3771F420037007976CE /* Window_Shopper_Tests.swift */; };
		BFC8B3811F4200E9007976CE /* Wage.swift in Sources */ = {isa = PBXBuildFile; fileRef = BFC8B3801F4200E9007976CE /* Wage.swift */; };
		BFC8B3821F420268007976CE /* Wage.swift in Sources */ = {isa = PBXBuildFile; fileRef = BFC8B3801F4200E9007976CE /* Wage.swift */; };
/* End PBXBuildFile section */

/* Begin PBXContainerItemProxy section */
		BFC8B37A1F420037007976CE /* PBXContainerItemProxy */ = {
			isa = PBXContainerItemProxy;
			containerPortal = BF2AEA001F41C22C000CFB5D /* Project object */;
			proxyType = 1;
			remoteGlobalIDString = BF2AEA071F41C22C000CFB5D;
			remoteInfo = "Window Shopper";
		};
/* End PBXContainerItemProxy section */

/* Begin PBXFileReference section */
		BF2AEA081F41C22C000CFB5D /* Window Shopper.app */ = {isa = PBXFileReference; explicitFileType = wrapper.application; includeInIndex = 0; path = "Window Shopper.app"; sourceTree = BUILT_PRODUCTS_DIR; };
		BF2AEA0B1F41C22C000CFB5D /* AppDelegate.swift */ = {isa = PBXFileReference; lastKnownFileType = sourcecode.swift; path = AppDelegate.swift; sourceTree = "<group>"; };
		BF2AEA0D1F41C22C000CFB5D /* MainVC.swift */ = {isa = PBXFileReference; lastKnownFileType = sourcecode.swift; path = MainVC.swift; sourceTree = "<group>"; };
		BF2AEA101F41C22D000CFB5D /* Base */ = {isa = PBXFileReference; lastKnownFileType = file.storyboard; name = Base; path = Base.lproj/Main.storyboard; sourceTree = "<group>"; };
		BF2AEA121F41C22D000CFB5D /* Assets.xcassets */ = {isa = PBXFileReference; lastKnownFileType = folder.assetcatalog; path = Assets.xcassets; sourceTree = "<group>"; };
		BF2AEA151F41C22D000CFB5D /* Base */ = {isa = PBXFileReference; lastKnownFileType = file.storyboard; name = Base; path = Base.lproj/LaunchScreen.storyboard; sourceTree = "<group>"; };
		BF2AEA171F41C22D000CFB5D /* Info.plist */ = {isa = PBXFileReference; lastKnownFileType = text.plist.xml; path = Info.plist; sourceTree = "<group>"; };
		BF2AEA1F1F41C31F000CFB5D /* CurrencyTextField.swift */ = {isa = PBXFileReference; lastKnownFileType = sourcecode.swift; path = CurrencyTextField.swift; sourceTree = "<group>"; };
		BFC8B3751F420037007976CE /* Window Shopper Tests.xctest */ = {isa = PBXFileReference; explicitFileType = wrapper.cfbundle; includeInIndex = 0; path = "Window Shopper Tests.xctest"; sourceTree = BUILT_PRODUCTS_DIR; };
		BFC8B3771F420037007976CE /* Window_Shopper_Tests.swift */ = {isa = PBXFileReference; lastKnownFileType = sourcecode.swift; path = Window_Shopper_Tests.swift; sourceTree = "<group>"; };
		BFC8B3791F420037007976CE /* Info.plist */ = {isa = PBXFileReference; lastKnownFileType = text.plist.xml; path = Info.plist; sourceTree = "<group>"; };
		BFC8B3801F4200E9007976CE /* Wage.swift */ = {isa = PBXFileReference; lastKnownFileType = sourcecode.swift; path = Wage.swift; sourceTree = "<group>"; };
/* End PBXFileReference section */

/* Begin PBXFrameworksBuildPhase section */
		BF2AEA051F41C22C000CFB5D /* Frameworks */ = {
			isa = PBXFrameworksBuildPhase;
			buildActionMask = 2147483647;
			files = (
			);
			runOnlyForDeploymentPostprocessing = 0;
		};
		BFC8B3721F420037007976CE /* Frameworks */ = {
			isa = PBXFrameworksBuildPhase;
			buildActionMask = 2147483647;
			files = (
			);
			runOnlyForDeploymentPostprocessing = 0;
		};
/* End PBXFrameworksBuildPhase section */

/* Begin PBXGroup section */
		BF2AE9FF1F41C22C000CFB5D = {
			isa = PBXGroup;
			children = (
				BF2AEA0A1F41C22C000CFB5D /* Window Shopper */,
				BFC8B3761F420037007976CE /* Window Shopper Tests */,
				BF2AEA091F41C22C000CFB5D /* Products */,
			);
			sourceTree = "<group>";
		};
		BF2AEA091F41C22C000CFB5D /* Products */ = {
			isa = PBXGroup;
			children = (
				BF2AEA081F41C22C000CFB5D /* Window Shopper.app */,
				BFC8B3751F420037007976CE /* Window Shopper Tests.xctest */,
			);
			name = Products;
			sourceTree = "<group>";
		};
		BF2AEA0A1F41C22C000CFB5D /* Window Shopper */ = {
			isa = PBXGroup;
			children = (
				BFC8B37F1F42005F007976CE /* Model */,
				BF2AEA1E1F41C2F2000CFB5D /* View */,
				BF2AEA1D1F41C243000CFB5D /* Controller */,
				BF2AEA0B1F41C22C000CFB5D /* AppDelegate.swift */,
				BF2AEA0D1F41C22C000CFB5D /* MainVC.swift */,
				BF2AEA0F1F41C22D000CFB5D /* Main.storyboard */,
				BF2AEA121F41C22D000CFB5D /* Assets.xcassets */,
				BF2AEA141F41C22D000CFB5D /* LaunchScreen.storyboard */,
				BF2AEA171F41C22D000CFB5D /* Info.plist */,
			);
			path = "Window Shopper";
			sourceTree = "<group>";
		};
		BF2AEA1D1F41C243000CFB5D /* Controller */ = {
			isa = PBXGroup;
			children = (
			);
			path = Controller;
			sourceTree = "<group>";
		};
		BF2AEA1E1F41C2F2000CFB5D /* View */ = {
			isa = PBXGroup;
			children = (
				BF2AEA1F1F41C31F000CFB5D /* CurrencyTextField.swift */,
			);
			path = View;
			sourceTree = "<group>";
		};
		BFC8B3761F420037007976CE /* Window Shopper Tests */ = {
			isa = PBXGroup;
			children = (
				BFC8B3771F420037007976CE /* Window_Shopper_Tests.swift */,
				BFC8B3791F420037007976CE /* Info.plist */,
			);
			path = "Window Shopper Tests";
			sourceTree = "<group>";
		};
		BFC8B37F1F42005F007976CE /* Model */ = {
			isa = PBXGroup;
			children = (
				BFC8B3801F4200E9007976CE /* Wage.swift */,
			);
			path = Model;
			sourceTree = "<group>";
		};
/* End PBXGroup section */

/* Begin PBXNativeTarget section */
		BF2AEA071F41C22C000CFB5D /* Window Shopper */ = {
			isa = PBXNativeTarget;
			buildConfigurationList = BF2AEA1A1F41C22D000CFB5D /* Build configuration list for PBXNativeTarget "Window Shopper" */;
			buildPhases = (
				BF2AEA041F41C22C000CFB5D /* Sources */,
				BF2AEA051F41C22C000CFB5D /* Frameworks */,
				BF2AEA061F41C22C000CFB5D /* Resources */,
			);
			buildRules = (
			);
			dependencies = (
			);
			name = "Window Shopper";
			productName = "Window Shopper";
			productReference = BF2AEA081F41C22C000CFB5D /* Window Shopper.app */;
			productType = "com.apple.product-type.application";
		};
		BFC8B3741F420037007976CE /* Window Shopper Tests */ = {
			isa = PBXNativeTarget;
			buildConfigurationList = BFC8B37E1F420037007976CE /* Build configuration list for PBXNativeTarget "Window Shopper Tests" */;
			buildPhases = (
				BFC8B3711F420037007976CE /* Sources */,
				BFC8B3721F420037007976CE /* Frameworks */,
				BFC8B3731F420037007976CE /* Resources */,
			);
			buildRules = (
			);
			dependencies = (
				BFC8B37B1F420037007976CE /* PBXTargetDependency */,
			);
			name = "Window Shopper Tests";
			productName = "Window Shopper Tests";
			productReference = BFC8B3751F420037007976CE /* Window Shopper Tests.xctest */;
			productType = "com.apple.product-type.bundle.unit-test";
		};
/* End PBXNativeTarget section */

/* Begin PBXProject section */
		BF2AEA001F41C22C000CFB5D /* Project object */ = {
			isa = PBXProject;
			attributes = {
				LastSwiftUpdateCheck = 0900;
				LastUpgradeCheck = 0900;
				ORGANIZATIONNAME = ClementM;
				TargetAttributes = {
					BF2AEA071F41C22C000CFB5D = {
						CreatedOnToolsVersion = 9.0;
					};
					BFC8B3741F420037007976CE = {
						CreatedOnToolsVersion = 9.0;
						TestTargetID = BF2AEA071F41C22C000CFB5D;
					};
				};
			};
			buildConfigurationList = BF2AEA031F41C22C000CFB5D /* Build configuration list for PBXProject "Window Shopper" */;
			compatibilityVersion = "Xcode 8.0";
			developmentRegion = en;
			hasScannedForEncodings = 0;
			knownRegions = (
				en,
				Base,
			);
			mainGroup = BF2AE9FF1F41C22C000CFB5D;
			productRefGroup = BF2AEA091F41C22C000CFB5D /* Products */;
			projectDirPath = "";
			projectRoot = "";
			targets = (
				BF2AEA071F41C22C000CFB5D /* Window Shopper */,
				BFC8B3741F420037007976CE /* Window Shopper Tests */,
			);
		};
/* End PBXProject section */

/* Begin PBXResourcesBuildPhase section */
		BF2AEA061F41C22C000CFB5D /* Resources */ = {
			isa = PBXResourcesBuildPhase;
			buildActionMask = 2147483647;
			files = (
				BF2AEA161F41C22D000CFB5D /* LaunchScreen.storyboard in Resources */,
				BF2AEA131F41C22D000CFB5D /* Assets.xcassets in Resources */,
				BF2AEA111F41C22D000CFB5D /* Main.storyboard in Resources */,
			);
			runOnlyForDeploymentPostprocessing = 0;
		};
		BFC8B3731F420037007976CE /* Resources */ = {
			isa = PBXResourcesBuildPhase;
			buildActionMask = 2147483647;
			files = (
			);
			runOnlyForDeploymentPostprocessing = 0;
		};
/* End PBXResourcesBuildPhase section */

/* Begin PBXSourcesBuildPhase section */
		BF2AEA041F41C22C000CFB5D /* Sources */ = {
			isa = PBXSourcesBuildPhase;
			buildActionMask = 2147483647;
			files = (
				BF2AEA201F41C31F000CFB5D /* CurrencyTextField.swift in Sources */,
				BFC8B3811F4200E9007976CE /* Wage.swift in Sources */,
				BF2AEA0E1F41C22C000CFB5D /* MainVC.swift in Sources */,
				BF2AEA0C1F41C22C000CFB5D /* AppDelegate.swift in Sources */,
			);
			runOnlyForDeploymentPostprocessing = 0;
		};
		BFC8B3711F420037007976CE /* Sources */ = {
			isa = PBXSourcesBuildPhase;
			buildActionMask = 2147483647;
			files = (
				BFC8B3781F420037007976CE /* Window_Shopper_Tests.swift in Sources */,
				BFC8B3821F420268007976CE /* Wage.swift in Sources */,
			);
			runOnlyForDeploymentPostprocessing = 0;
		};
/* End PBXSourcesBuildPhase section */

/* Begin PBXTargetDependency section */
		BFC8B37B1F420037007976CE /* PBXTargetDependency */ = {
			isa = PBXTargetDependency;
			target = BF2AEA071F41C22C000CFB5D /* Window Shopper */;
			targetProxy = BFC8B37A1F420037007976CE /* PBXContainerItemProxy */;
		};
/* End PBXTargetDependency section */

/* Begin PBXVariantGroup section */
		BF2AEA0F1F41C22D000CFB5D /* Main.storyboard */ = {
			isa = PBXVariantGroup;
			children = (
				BF2AEA101F41C22D000CFB5D /* Base */,
			);
			name = Main.storyboard;
			sourceTree = "<group>";
		};
		BF2AEA141F41C22D000CFB5D /* LaunchScreen.storyboard */ = {
			isa = PBXVariantGroup;
			children = (
				BF2AEA151F41C22D000CFB5D /* Base */,
			);
			name = LaunchScreen.storyboard;
			sourceTree = "<group>";
		};
/* End PBXVariantGroup section */

/* Begin XCBuildConfiguration section */
		BF2AEA181F41C22D000CFB5D /* Debug */ = {
			isa = XCBuildConfiguration;
			buildSettings = {
				ALWAYS_SEARCH_USER_PATHS = NO;
				CLANG_ANALYZER_NONNULL = YES;
				CLANG_ANALYZER_NUMBER_OBJECT_CONVERSION = YES_AGGRESSIVE;
				CLANG_CXX_LANGUAGE_STANDARD = "gnu++14";
				CLANG_CXX_LIBRARY = "libc++";
				CLANG_ENABLE_MODULES = YES;
				CLANG_ENABLE_OBJC_ARC = YES;
				CLANG_WARN_BLOCK_CAPTURE_AUTORELEASING = YES;
				CLANG_WARN_BOOL_CONVERSION = YES;
				CLANG_WARN_COMMA = YES;
				CLANG_WARN_CONSTANT_CONVERSION = YES;
				CLANG_WARN_DIRECT_OBJC_ISA_USAGE = YES_ERROR;
				CLANG_WARN_DOCUMENTATION_COMMENTS = YES;
				CLANG_WARN_EMPTY_BODY = YES;
				CLANG_WARN_ENUM_CONVERSION = YES;
				CLANG_WARN_INFINITE_RECURSION = YES;
				CLANG_WARN_INT_CONVERSION = YES;
				CLANG_WARN_NON_LITERAL_NULL_CONVERSION = YES;
				CLANG_WARN_OBJC_LITERAL_CONVERSION = YES;
				CLANG_WARN_OBJC_ROOT_CLASS = YES_ERROR;
				CLANG_WARN_RANGE_LOOP_ANALYSIS = YES;
				CLANG_WARN_STRICT_PROTOTYPES = YES;
				CLANG_WARN_SUSPICIOUS_MOVE = YES;
				CLANG_WARN_UNGUARDED_AVAILABILITY = YES_AGGRESSIVE;
				CLANG_WARN_UNREACHABLE_CODE = YES;
				CLANG_WARN__DUPLICATE_METHOD_MATCH = YES;
				CODE_SIGN_IDENTITY = "iPhone Developer";
				COPY_PHASE_STRIP = NO;
				DEBUG_INFORMATION_FORMAT = dwarf;
				ENABLE_STRICT_OBJC_MSGSEND = YES;
				ENABLE_TESTABILITY = YES;
				GCC_C_LANGUAGE_STANDARD = gnu11;
				GCC_DYNAMIC_NO_PIC = NO;
				GCC_NO_COMMON_BLOCKS = YES;
				GCC_OPTIMIZATION_LEVEL = 0;
				GCC_PREPROCESSOR_DEFINITIONS = (
					"DEBUG=1",
					"$(inherited)",
				);
				GCC_WARN_64_TO_32_BIT_CONVERSION = YES;
				GCC_WARN_ABOUT_RETURN_TYPE = YES_ERROR;
				GCC_WARN_UNDECLARED_SELECTOR = YES;
				GCC_WARN_UNINITIALIZED_AUTOS = YES_AGGRESSIVE;
				GCC_WARN_UNUSED_FUNCTION = YES;
				GCC_WARN_UNUSED_VARIABLE = YES;
				IPHONEOS_DEPLOYMENT_TARGET = 11.0;
				MTL_ENABLE_DEBUG_INFO = YES;
				ONLY_ACTIVE_ARCH = YES;
				SDKROOT = iphoneos;
				SWIFT_ACTIVE_COMPILATION_CONDITIONS = DEBUG;
				SWIFT_OPTIMIZATION_LEVEL = "-Onone";
			};
			name = Debug;
		};
		BF2AEA191F41C22D000CFB5D /* Release */ = {
			isa = XCBuildConfiguration;
			buildSettings = {
				ALWAYS_SEARCH_USER_PATHS = NO;
				CLANG_ANALYZER_NONNULL = YES;
				CLANG_ANALYZER_NUMBER_OBJECT_CONVERSION = YES_AGGRESSIVE;
				CLANG_CXX_LANGUAGE_STANDARD = "gnu++14";
				CLANG_CXX_LIBRARY = "libc++";
				CLANG_ENABLE_MODULES = YES;
				CLANG_ENABLE_OBJC_ARC = YES;
				CLANG_WARN_BLOCK_CAPTURE_AUTORELEASING = YES;
				CLANG_WARN_BOOL_CONVERSION = YES;
				CLANG_WARN_COMMA = YES;
				CLANG_WARN_CONSTANT_CONVERSION = YES;
				CLANG_WARN_DIRECT_OBJC_ISA_USAGE = YES_ERROR;
				CLANG_WARN_DOCUMENTATION_COMMENTS = YES;
				CLANG_WARN_EMPTY_BODY = YES;
				CLANG_WARN_ENUM_CONVERSION = YES;
				CLANG_WARN_INFINITE_RECURSION = YES;
				CLANG_WARN_INT_CONVERSION = YES;
				CLANG_WARN_NON_LITERAL_NULL_CONVERSION = YES;
				CLANG_WARN_OBJC_LITERAL_CONVERSION = YES;
				CLANG_WARN_OBJC_ROOT_CLASS = YES_ERROR;
				CLANG_WARN_RANGE_LOOP_ANALYSIS = YES;
				CLANG_WARN_STRICT_PROTOTYPES = YES;
				CLANG_WARN_SUSPICIOUS_MOVE = YES;
				CLANG_WARN_UNGUARDED_AVAILABILITY = YES_AGGRESSIVE;
				CLANG_WARN_UNREACHABLE_CODE = YES;
				CLANG_WARN__DUPLICATE_METHOD_MATCH = YES;
				CODE_SIGN_IDENTITY = "iPhone Developer";
				COPY_PHASE_STRIP = NO;
				DEBUG_INFORMATION_FORMAT = "dwarf-with-dsym";
				ENABLE_NS_ASSERTIONS = NO;
				ENABLE_STRICT_OBJC_MSGSEND = YES;
				GCC_C_LANGUAGE_STANDARD = gnu11;
				GCC_NO_COMMON_BLOCKS = YES;
				GCC_WARN_64_TO_32_BIT_CONVERSION = YES;
				GCC_WARN_ABOUT_RETURN_TYPE = YES_ERROR;
				GCC_WARN_UNDECLARED_SELECTOR = YES;
				GCC_WARN_UNINITIALIZED_AUTOS = YES_AGGRESSIVE;
				GCC_WARN_UNUSED_FUNCTION = YES;
				GCC_WARN_UNUSED_VARIABLE = YES;
				IPHONEOS_DEPLOYMENT_TARGET = 11.0;
				MTL_ENABLE_DEBUG_INFO = NO;
				SDKROOT = iphoneos;
				SWIFT_OPTIMIZATION_LEVEL = "-Owholemodule";
				VALIDATE_PRODUCT = YES;
			};
			name = Release;
		};
		BF2AEA1B1F41C22D000CFB5D /* Debug */ = {
			isa = XCBuildConfiguration;
			buildSettings = {
				ASSETCATALOG_COMPILER_APPICON_NAME = AppIcon;
				DEVELOPMENT_TEAM = V836JU6J3D;
				INFOPLIST_FILE = "Window Shopper/Info.plist";
				LD_RUNPATH_SEARCH_PATHS = "$(inherited) @executable_path/Frameworks";
				PRODUCT_BUNDLE_IDENTIFIER = "com.clementm.Window-Shopper";
				PRODUCT_NAME = "$(TARGET_NAME)";
				SWIFT_VERSION = 4.0;
				TARGETED_DEVICE_FAMILY = "1,2";
			};
			name = Debug;
		};
		BF2AEA1C1F41C22D000CFB5D /* Release */ = {
			isa = XCBuildConfiguration;
			buildSettings = {
				ASSETCATALOG_COMPILER_APPICON_NAME = AppIcon;
				DEVELOPMENT_TEAM = V836JU6J3D;
				INFOPLIST_FILE = "Window Shopper/Info.plist";
				LD_RUNPATH_SEARCH_PATHS = "$(inherited) @executable_path/Frameworks";
				PRODUCT_BUNDLE_IDENTIFIER = "com.clementm.Window-Shopper";
				PRODUCT_NAME = "$(TARGET_NAME)";
				SWIFT_VERSION = 4.0;
				TARGETED_DEVICE_FAMILY = "1,2";
			};
			name = Release;
		};
		BFC8B37C1F420037007976CE /* Debug */ = {
			isa = XCBuildConfiguration;
			buildSettings = {
				BUNDLE_LOADER = "$(TEST_HOST)";
				DEVELOPMENT_TEAM = V836JU6J3D;
				INFOPLIST_FILE = "Window Shopper Tests/Info.plist";
				LD_RUNPATH_SEARCH_PATHS = "$(inherited) @executable_path/Frameworks @loader_path/Frameworks";
				PRODUCT_BUNDLE_IDENTIFIER = "com.clementm.Window-Shopper-Tests";
				PRODUCT_NAME = "$(TARGET_NAME)";
				SWIFT_VERSION = 4.0;
				TARGETED_DEVICE_FAMILY = "1,2";
				TEST_HOST = "$(BUILT_PRODUCTS_DIR)/Window Shopper.app/Window Shopper";
			};
			name = Debug;
		};
		BFC8B37D1F420037007976CE /* Release */ = {
			isa = XCBuildConfiguration;
			buildSettings = {
				BUNDLE_LOADER = "$(TEST_HOST)";
				DEVELOPMENT_TEAM = V836JU6J3D;
				INFOPLIST_FILE = "Window Shopper Tests/Info.plist";
				LD_RUNPATH_SEARCH_PATHS = "$(inherited) @executable_path/Frameworks @loader_path/Frameworks";
				PRODUCT_BUNDLE_IDENTIFIER = "com.clementm.Window-Shopper-Tests";
				PRODUCT_NAME = "$(TARGET_NAME)";
				SWIFT_VERSION = 4.0;
				TARGETED_DEVICE_FAMILY = "1,2";
				TEST_HOST = "$(BUILT_PRODUCTS_DIR)/Window Shopper.app/Window Shopper";
			};
			name = Release;
		};
/* End XCBuildConfiguration section */

/* Begin XCConfigurationList section */
		BF2AEA031F41C22C000CFB5D /* Build configuration list for PBXProject "Window Shopper" */ = {
			isa = XCConfigurationList;
			buildConfigurations = (
				BF2AEA181F41C22D000CFB5D /* Debug */,
				BF2AEA191F41C22D000CFB5D /* Release */,
			);
			defaultConfigurationIsVisible = 0;
			defaultConfigurationName = Release;
		};
		BF2AEA1A1F41C22D000CFB5D /* Build configuration list for PBXNativeTarget "Window Shopper" */ = {
			isa = XCConfigurationList;
			buildConfigurations = (
				BF2AEA1B1F41C22D000CFB5D /* Debug */,
				BF2AEA1C1F41C22D000CFB5D /* Release */,
			);
			defaultConfigurationIsVisible = 0;
			defaultConfigurationName = Release;
		};
		BFC8B37E1F420037007976CE /* Build configuration list for PBXNativeTarget "Window Shopper Tests" */ = {
			isa = XCConfigurationList;
			buildConfigurations = (
				BFC8B37C1F420037007976CE /* Debug */,
				BFC8B37D1F420037007976CE /* Release */,
			);
			defaultConfigurationIsVisible = 0;
			defaultConfigurationName = Release;
		};
/* End XCConfigurationList section */
	};
	rootObject = BF2AEA001F41C22C000CFB5D /* Project object */;
}
